{
  "adrs": {},
  "landmarks": {
    "bash-3-2": {
      "file": "bin/routine",
      "line": 3,
      "node": "bin"
    },
    "catch-retry": {
      "file": "bin/routine",
      "line": 305,
      "node": "bin"
    },
    "due-derivation": {
      "file": "bin/routine",
      "line": 185,
      "node": "bin"
    },
    "due-tick": {
      "file": "bin/routine",
      "line": 475,
      "node": "bin"
    },
    "last-run-contract": {
      "file": "bin/routine",
      "line": 258,
      "node": "bin"
    }
  },
  "nodes": {
    "/": {
      "budget": null,
      "claims": [],
      "commands": {
        "test": "/bin/bash test/routine.test.sh"
      },
      "contains": [
        "bin",
        "routines",
        "test"
      ],
      "declared": {
        "allow": [],
        "decided_by": [],
        "depends": []
      },
      "extracted": {
        "imports": []
      },
      "id": "/",
      "kind": "system",
      "purpose": "Executable markdown routines in $ROUTINE_HOME (default ~/.routines) — bin/routine runs a doc's sh blocks under schedule, lock, timeout; claude repairs failures; launchd and CI tick into run --due."
    },
    "bin": {
      "budget": null,
      "claims": [
        {
          "anchor": "lm:bash-3-2",
          "enforced_by": null,
          "id": "bash-3-2",
          "kind": "hazard",
          "resolved": "bin/routine:3",
          "text": "macOS /bin/bash is frozen at 3.2.57 — no mapfile, declare -A, ${var,,}, negative substrings, or wait -n anywhere in this script",
          "verified": {
            "digest": null,
            "sha": "f4a2e981e9789783618a0fea70654b73983b0847"
          }
        },
        {
          "anchor": "lm:catch-retry",
          "enforced_by": null,
          "id": "catch-retry",
          "kind": "invariant",
          "resolved": "bin/routine:305",
          "text": "a failed block gets exactly one claude repair and one deterministic retry — the retry is the verdict, never the agent's exit code",
          "verified": {
            "digest": null,
            "sha": "f4a2e981e9789783618a0fea70654b73983b0847"
          }
        },
        {
          "anchor": "lm:due-derivation",
          "enforced_by": null,
          "id": "due-derivation",
          "kind": "invariant",
          "resolved": "bin/routine:185",
          "text": "due-ness is derived — next-fire-after(last started run, schedule) ≤ now, evaluated in UTC — never matched against the current minute",
          "verified": {
            "digest": null,
            "sha": "f4a2e981e9789783618a0fea70654b73983b0847"
          }
        },
        {
          "anchor": "lm:due-tick",
          "enforced_by": null,
          "id": "due-tick",
          "kind": "invariant",
          "resolved": "bin/routine:475",
          "text": "run --due prints nothing when nothing is due — it fires every 60 seconds from launchd, so silence is the contract",
          "verified": {
            "digest": null,
            "sha": "f4a2e981e9789783618a0fea70654b73983b0847"
          }
        },
        {
          "anchor": "lm:last-run-contract",
          "enforced_by": null,
          "id": "last-run-contract",
          "kind": "invariant",
          "resolved": "bin/routine:258",
          "text": "last-run.json is written on every exit path via the EXIT trap, and a 75 lock refusal never clobbers the owner's state",
          "verified": {
            "digest": null,
            "sha": "f4a2e981e9789783618a0fea70654b73983b0847"
          }
        }
      ],
      "commands": {},
      "contains": [],
      "declared": {
        "allow": [],
        "decided_by": [],
        "depends": []
      },
      "extracted": {
        "imports": []
      },
      "id": "bin",
      "kind": "container",
      "purpose": "The only runner — one bash-3.2-safe, zero-dependency script; every scheduler (launchd tick, CI cron, a shell) ends at routine run."
    },
    "routines": {
      "budget": null,
      "claims": [
        {
          "anchor": "routines/heartbeat.md#heartbeat",
          "enforced_by": null,
          "id": "heartbeat",
          "kind": "invariant",
          "resolved": "routines/heartbeat.md:7",
          "text": "blocks are idempotent — a catch-retry, a cache eviction, or an overlapping tick can each double-fire; the lock serializes, idempotency absorbs",
          "verified": {
            "digest": null,
            "sha": "f4a2e981e9789783618a0fea70654b73983b0847"
          }
        }
      ],
      "commands": {},
      "contains": [],
      "declared": {
        "allow": [],
        "decided_by": [],
        "depends": []
      },
      "extracted": {
        "imports": []
      },
      "id": "routines",
      "kind": "container",
      "purpose": "This repo's own routines — the CI convention, where a repo's routines/ dir is its ROUTINE_HOME. A document is frontmatter, prose as the error-handler's context, and fenced sh blocks as the mechanics."
    },
    "test": {
      "budget": null,
      "claims": [],
      "commands": {
        "test": "/bin/bash test/routine.test.sh"
      },
      "contains": [],
      "declared": {
        "allow": [],
        "decided_by": [],
        "depends": []
      },
      "extracted": {
        "imports": []
      },
      "id": "test",
      "kind": "container",
      "purpose": "Hermetic contract suite — sandboxed state dirs, stubbed claude and launchctl, runs under /bin/bash 3.2 in about six seconds."
    }
  },
  "version": 1
}
